
Microsoft Visual Studio Solution File, Format Version 12.00
# Visual Studio 15
VisualStudioVersion = 15.0.28010.2036
MinimumVisualStudioVersion = 10.0.40219.1
Project("{FAE04EC0-301F-11D3-BF4B-00C04F79EFBC}") = "Proj5-grad-tomasello", "Proj5-grad-tomasello\Proj5-grad-tomasello.csproj", "{8F5DD569-4CB8-431A-AFA8-3C949250FDEC}"
EndProject
Project("{FAE04EC0-301F-11D3-BF4B-00C04F79EFBC}") = "MortgageTests", "MortgageTests\MortgageTests.csproj", "{E264C2D6-438F-43E2-B660-0FFBE0B283B9}"
EndProject
Global
	GlobalSection(SolutionConfigurationPlatforms) = preSolution
		Debug|Any CPU = Debug|Any CPU
		Release|Any CPU = Release|Any CPU
	EndGlobalSection
	GlobalSection(ProjectConfigurationPlatforms) = postSolution
		{8F5DD569-4CB8-431A-AFA8-3C949250FDEC}.Debug|Any CPU.ActiveCfg = Debug|Any CPU
		{8F5DD569-4CB8-431A-AFA8-3C949250FDEC}.Debug|Any CPU.Build.0 = Debug|Any CPU
		{8F5DD569-4CB8-431A-AFA8-3C949250FDEC}.Release|Any CPU.ActiveCfg = Release|Any CPU
		{8F5DD569-4CB8-431A-AFA8-3C949250FDEC}.Release|Any CPU.Build.0 = Release|Any CPU
		{E264C2D6-438F-43E2-B660-0FFBE0B283B9}.Debug|Any CPU.ActiveCfg = Debug|Any CPU
		{E264C2D6-438F-43E2-B660-0FFBE0B283B9}.Debug|Any CPU.Build.0 = Debug|Any CPU
		{E264C2D6-438F-43E2-B660-0FFBE0B283B9}.Release|Any CPU.ActiveCfg = Release|Any CPU
		{E264C2D6-438F-43E2-B660-0FFBE0B283B9}.Release|Any CPU.Build.0 = Release|Any CPU
	EndGlobalSection
	GlobalSection(SolutionProperties) = preSolution
		HideSolutionNode = FALSE
	EndGlobalSection
	GlobalSection(ExtensibilityGlobals) = postSolution
		SolutionGuid = {517F524B-D3C8-4B7A-9C55-7A83E9701702}
	EndGlobalSection
EndGlobal
