
Microsoft Visual Studio Solution File, Format Version 12.00
# Visual Studio 15
VisualStudioVersion = 15.0.28010.2036
MinimumVisualStudioVersion = 10.0.40219.1
Project("{FAE04EC0-301F-11D3-BF4B-00C04F79EFBC}") = "Proj3_Tomasello", "Proj3_Tomasello\Proj3_Tomasello.csproj", "{D2FBB203-6B13-4E18-9C9C-FD4457532F45}"
EndProject
Global
	GlobalSection(SolutionConfigurationPlatforms) = preSolution
		Debug|Any CPU = Debug|Any CPU
		Release|Any CPU = Release|Any CPU
	EndGlobalSection
	GlobalSection(ProjectConfigurationPlatforms) = postSolution
		{D2FBB203-6B13-4E18-9C9C-FD4457532F45}.Debug|Any CPU.ActiveCfg = Debug|Any CPU
		{D2FBB203-6B13-4E18-9C9C-FD4457532F45}.Debug|Any CPU.Build.0 = Debug|Any CPU
		{D2FBB203-6B13-4E18-9C9C-FD4457532F45}.Release|Any CPU.ActiveCfg = Release|Any CPU
		{D2FBB203-6B13-4E18-9C9C-FD4457532F45}.Release|Any CPU.Build.0 = Release|Any CPU
	EndGlobalSection
	GlobalSection(SolutionProperties) = preSolution
		HideSolutionNode = FALSE
	EndGlobalSection
	GlobalSection(ExtensibilityGlobals) = postSolution
		SolutionGuid = {FA5061DE-9E4A-4044-AA99-B2B96768C7A4}
	EndGlobalSection
EndGlobal
